
Microsoft Visual Studio Solution File, Format Version 12.00
# Visual Studio Version 17
VisualStudioVersion = 17.0.32112.339
MinimumVisualStudioVersion = 10.0.40219.1
Project("{FAE04EC0-301F-11D3-BF4B-00C04F79EFBC}") = "ATM_Transaction_Demo", "ATM_Transaction_Demo\ATM_Transaction_Demo.csproj", "{17FC5A19-42EC-4811-837D-878118882EC5}"
EndProject
Global
	GlobalSection(SolutionConfigurationPlatforms) = preSolution
		Debug|Any CPU = Debug|Any CPU
		Release|Any CPU = Release|Any CPU
	EndGlobalSection
	GlobalSection(ProjectConfigurationPlatforms) = postSolution
		{17FC5A19-42EC-4811-837D-878118882EC5}.Debug|Any CPU.ActiveCfg = Debug|Any CPU
		{17FC5A19-42EC-4811-837D-878118882EC5}.Debug|Any CPU.Build.0 = Debug|Any CPU
		{17FC5A19-42EC-4811-837D-878118882EC5}.Release|Any CPU.ActiveCfg = Release|Any CPU
		{17FC5A19-42EC-4811-837D-878118882EC5}.Release|Any CPU.Build.0 = Release|Any CPU
	EndGlobalSection
	GlobalSection(SolutionProperties) = preSolution
		HideSolutionNode = FALSE
	EndGlobalSection
	GlobalSection(ExtensibilityGlobals) = postSolution
		SolutionGuid = {172EA7C2-2E14-4CE9-8FAA-EC8E761A2347}
	EndGlobalSection
EndGlobal
